
Microsoft Visual Studio Solution File, Format Version 12.00
# Visual Studio Version 16
VisualStudioVersion = 16.0.30804.86
MinimumVisualStudioVersion = 10.0.40219.1
Project("{FAE04EC0-301F-11D3-BF4B-00C04F79EFBC}") = "MVCtutorial", "MVCtutorial\MVCtutorial.csproj", "{DA257E91-C539-4BAD-8889-7AC0D3F78498}"
EndProject
Global
	GlobalSection(SolutionConfigurationPlatforms) = preSolution
		Debug|Any CPU = Debug|Any CPU
		Release|Any CPU = Release|Any CPU
	EndGlobalSection
	GlobalSection(ProjectConfigurationPlatforms) = postSolution
		{DA257E91-C539-4BAD-8889-7AC0D3F78498}.Debug|Any CPU.ActiveCfg = Debug|Any CPU
		{DA257E91-C539-4BAD-8889-7AC0D3F78498}.Debug|Any CPU.Build.0 = Debug|Any CPU
		{DA257E91-C539-4BAD-8889-7AC0D3F78498}.Release|Any CPU.ActiveCfg = Release|Any CPU
		{DA257E91-C539-4BAD-8889-7AC0D3F78498}.Release|Any CPU.Build.0 = Release|Any CPU
	EndGlobalSection
	GlobalSection(SolutionProperties) = preSolution
		HideSolutionNode = FALSE
	EndGlobalSection
	GlobalSection(ExtensibilityGlobals) = postSolution
		SolutionGuid = {876864EB-756A-418C-A152-CF351BAE3E70}
	EndGlobalSection
EndGlobal
