
Microsoft Visual Studio Solution File, Format Version 12.00
# Visual Studio Version 16
VisualStudioVersion = 16.0.30804.86
MinimumVisualStudioVersion = 10.0.40219.1
Project("{FAE04EC0-301F-11D3-BF4B-00C04F79EFBC}") = "WebApplication2", "WebApplication2\WebApplication2.csproj", "{18C4D72A-7273-40B3-A4EE-D6FBC7AE7AB5}"
EndProject
Global
	GlobalSection(SolutionConfigurationPlatforms) = preSolution
		Debug|Any CPU = Debug|Any CPU
		Release|Any CPU = Release|Any CPU
	EndGlobalSection
	GlobalSection(ProjectConfigurationPlatforms) = postSolution
		{18C4D72A-7273-40B3-A4EE-D6FBC7AE7AB5}.Debug|Any CPU.ActiveCfg = Debug|Any CPU
		{18C4D72A-7273-40B3-A4EE-D6FBC7AE7AB5}.Debug|Any CPU.Build.0 = Debug|Any CPU
		{18C4D72A-7273-40B3-A4EE-D6FBC7AE7AB5}.Release|Any CPU.ActiveCfg = Release|Any CPU
		{18C4D72A-7273-40B3-A4EE-D6FBC7AE7AB5}.Release|Any CPU.Build.0 = Release|Any CPU
	EndGlobalSection
	GlobalSection(SolutionProperties) = preSolution
		HideSolutionNode = FALSE
	EndGlobalSection
	GlobalSection(ExtensibilityGlobals) = postSolution
		SolutionGuid = {03B54CEA-5837-4EB5-B637-133A96E18BF6}
	EndGlobalSection
EndGlobal
