
Microsoft Visual Studio Solution File, Format Version 12.00
# Visual Studio Version 16
VisualStudioVersion = 16.0.30804.86
MinimumVisualStudioVersion = 10.0.40219.1
Project("{FAE04EC0-301F-11D3-BF4B-00C04F79EFBC}") = "Accounting.cs", "Accounting.cs\Accounting.cs.csproj", "{90F5FF97-8212-4B8B-8D33-969C5DB0A98D}"
EndProject
Global
	GlobalSection(SolutionConfigurationPlatforms) = preSolution
		Debug|Any CPU = Debug|Any CPU
		Release|Any CPU = Release|Any CPU
	EndGlobalSection
	GlobalSection(ProjectConfigurationPlatforms) = postSolution
		{90F5FF97-8212-4B8B-8D33-969C5DB0A98D}.Debug|Any CPU.ActiveCfg = Debug|Any CPU
		{90F5FF97-8212-4B8B-8D33-969C5DB0A98D}.Debug|Any CPU.Build.0 = Debug|Any CPU
		{90F5FF97-8212-4B8B-8D33-969C5DB0A98D}.Release|Any CPU.ActiveCfg = Release|Any CPU
		{90F5FF97-8212-4B8B-8D33-969C5DB0A98D}.Release|Any CPU.Build.0 = Release|Any CPU
	EndGlobalSection
	GlobalSection(SolutionProperties) = preSolution
		HideSolutionNode = FALSE
	EndGlobalSection
	GlobalSection(ExtensibilityGlobals) = postSolution
		SolutionGuid = {A57A45D4-58DE-48CF-BDBA-8A912C10688E}
	EndGlobalSection
EndGlobal
